// !$*UTF8*$!
{
	archiveVersion = 1;
	classes = {
	};
	objectVersion = 50;
	objects = {

/* Begin PBXBuildFile section */
		C07818CC2735B58400018BC1 /* AppDelegate.swift in Sources */ = {isa = PBXBuildFile; fileRef = C07818CB2735B58400018BC1 /* AppDelegate.swift */; };
		C07818CE2735B58400018BC1 /* SceneDelegate.swift in Sources */ = {isa = PBXBuildFile; fileRef = C07818CD2735B58400018BC1 /* SceneDelegate.swift */; };
		C07818D02735B58400018BC1 /* IntroductionViewController.swift in Sources */ = {isa = PBXBuildFile; fileRef = C07818CF2735B58400018BC1 /* IntroductionViewController.swift */; };
		C07818D32735B58400018BC1 /* Main.storyboard in Resources */ = {isa = PBXBuildFile; fileRef = C07818D12735B58400018BC1 /* Main.storyboard */; };
		C07818D52735B58500018BC1 /* Assets.xcassets in Resources */ = {isa = PBXBuildFile; fileRef = C07818D42735B58500018BC1 /* Assets.xcassets */; };
		C07818D82735B58500018BC1 /* LaunchScreen.storyboard in Resources */ = {isa = PBXBuildFile; fileRef = C07818D62735B58500018BC1 /* LaunchScreen.storyboard */; };
		C07818E32735B58600018BC1 /* PersonalityQuizTests.swift in Sources */ = {isa = PBXBuildFile; fileRef = C07818E22735B58600018BC1 /* PersonalityQuizTests.swift */; };
		C07818EE2735B58600018BC1 /* PersonalityQuizUITests.swift in Sources */ = {isa = PBXBuildFile; fileRef = C07818ED2735B58600018BC1 /* PersonalityQuizUITests.swift */; };
		C0A845C8273C4CC2001182F4 /* QuestionViewController.swift in Sources */ = {isa = PBXBuildFile; fileRef = C0A845C7273C4CC2001182F4 /* QuestionViewController.swift */; };
		C0A845CD273C4CDD001182F4 /* ResultsViewController.swift in Sources */ = {isa = PBXBuildFile; fileRef = C0A845CC273C4CDD001182F4 /* ResultsViewController.swift */; };
		C0A845D5273C524F001182F4 /* Question.swift in Sources */ = {isa = PBXBuildFile; fileRef = C0A845D4273C524F001182F4 /* Question.swift */; };
/* End PBXBuildFile section */

/* Begin PBXContainerItemProxy section */
		C07818DF2735B58600018BC1 /* PBXContainerItemProxy */ = {
			isa = PBXContainerItemProxy;
			containerPortal = C07818C02735B58400018BC1 /* Project object */;
			proxyType = 1;
			remoteGlobalIDString = C07818C72735B58400018BC1;
			remoteInfo = PersonalityQuiz;
		};
		C07818EA2735B58600018BC1 /* PBXContainerItemProxy */ = {
			isa = PBXContainerItemProxy;
			containerPortal = C07818C02735B58400018BC1 /* Project object */;
			proxyType = 1;
			remoteGlobalIDString = C07818C72735B58400018BC1;
			remoteInfo = PersonalityQuiz;
		};
/* End PBXContainerItemProxy section */

/* Begin PBXFileReference section */
		C07818C82735B58400018BC1 /* PersonalityQuiz.app */ = {isa = PBXFileReference; explicitFileType = wrapper.application; includeInIndex = 0; path = PersonalityQuiz.app; sourceTree = BUILT_PRODUCTS_DIR; };
		C07818CB2735B58400018BC1 /* AppDelegate.swift */ = {isa = PBXFileReference; lastKnownFileType = sourcecode.swift; path = AppDelegate.swift; sourceTree = "<group>"; };
		C07818CD2735B58400018BC1 /* SceneDelegate.swift */ = {isa = PBXFileReference; lastKnownFileType = sourcecode.swift; path = SceneDelegate.swift; sourceTree = "<group>"; };
		C07818CF2735B58400018BC1 /* IntroductionViewController.swift */ = {isa = PBXFileReference; lastKnownFileType = sourcecode.swift; path = IntroductionViewController.swift; sourceTree = "<group>"; };
		C07818D22735B58400018BC1 /* Base */ = {isa = PBXFileReference; lastKnownFileType = file.storyboard; name = Base; path = Base.lproj/Main.storyboard; sourceTree = "<group>"; };
		C07818D42735B58500018BC1 /* Assets.xcassets */ = {isa = PBXFileReference; lastKnownFileType = folder.assetcatalog; path = Assets.xcassets; sourceTree = "<group>"; };
		C07818D72735B58500018BC1 /* Base */ = {isa = PBXFileReference; lastKnownFileType = file.storyboard; name = Base; path = Base.lproj/LaunchScreen.storyboard; sourceTree = "<group>"; };
		C07818D92735B58500018BC1 /* Info.plist */ = {isa = PBXFileReference; lastKnownFileType = text.plist.xml; path = Info.plist; sourceTree = "<group>"; };
		C07818DE2735B58600018BC1 /* PersonalityQuizTests.xctest */ = {isa = PBXFileReference; explicitFileType = wrapper.cfbundle; includeInIndex = 0; path = PersonalityQuizTests.xctest; sourceTree = BUILT_PRODUCTS_DIR; };
		C07818E22735B58600018BC1 /* PersonalityQuizTests.swift */ = {isa = PBXFileReference; lastKnownFileType = sourcecode.swift; path = PersonalityQuizTests.swift; sourceTree = "<group>"; };
		C07818E42735B58600018BC1 /* Info.plist */ = {isa = PBXFileReference; lastKnownFileType = text.plist.xml; path = Info.plist; sourceTree = "<group>"; };
		C07818E92735B58600018BC1 /* PersonalityQuizUITests.xctest */ = {isa = PBXFileReference; explicitFileType = wrapper.cfbundle; includeInIndex = 0; path = PersonalityQuizUITests.xctest; sourceTree = BUILT_PRODUCTS_DIR; };
		C07818ED2735B58600018BC1 /* PersonalityQuizUITests.swift */ = {isa = PBXFileReference; lastKnownFileType = sourcecode.swift; path = PersonalityQuizUITests.swift; sourceTree = "<group>"; };
		C07818EF2735B58600018BC1 /* Info.plist */ = {isa = PBXFileReference; lastKnownFileType = text.plist.xml; path = Info.plist; sourceTree = "<group>"; };
		C0A845C7273C4CC2001182F4 /* QuestionViewController.swift */ = {isa = PBXFileReference; lastKnownFileType = sourcecode.swift; path = QuestionViewController.swift; sourceTree = "<group>"; };
		C0A845CC273C4CDD001182F4 /* ResultsViewController.swift */ = {isa = PBXFileReference; lastKnownFileType = sourcecode.swift; path = ResultsViewController.swift; sourceTree = "<group>"; };
		C0A845D4273C524F001182F4 /* Question.swift */ = {isa = PBXFileReference; lastKnownFileType = sourcecode.swift; path = Question.swift; sourceTree = "<group>"; };
/* End PBXFileReference section */

/* Begin PBXFrameworksBuildPhase section */
		C07818C52735B58400018BC1 /* Frameworks */ = {
			isa = PBXFrameworksBuildPhase;
			buildActionMask = 2147483647;
			files = (
			);
			runOnlyForDeploymentPostprocessing = 0;
		};
		C07818DB2735B58600018BC1 /* Frameworks */ = {
			isa = PBXFrameworksBuildPhase;
			buildActionMask = 2147483647;
			files = (
			);
			runOnlyForDeploymentPostprocessing = 0;
		};
		C07818E62735B58600018BC1 /* Frameworks */ = {
			isa = PBXFrameworksBuildPhase;
			buildActionMask = 2147483647;
			files = (
			);
			runOnlyForDeploymentPostprocessing = 0;
		};
/* End PBXFrameworksBuildPhase section */

/* Begin PBXGroup section */
		C07818BF2735B58400018BC1 = {
			isa = PBXGroup;
			children = (
				C07818CA2735B58400018BC1 /* PersonalityQuiz */,
				C07818E12735B58600018BC1 /* PersonalityQuizTests */,
				C07818EC2735B58600018BC1 /* PersonalityQuizUITests */,
				C07818C92735B58400018BC1 /* Products */,
			);
			sourceTree = "<group>";
		};
		C07818C92735B58400018BC1 /* Products */ = {
			isa = PBXGroup;
			children = (
				C07818C82735B58400018BC1 /* PersonalityQuiz.app */,
				C07818DE2735B58600018BC1 /* PersonalityQuizTests.xctest */,
				C07818E92735B58600018BC1 /* PersonalityQuizUITests.xctest */,
			);
			name = Products;
			sourceTree = "<group>";
		};
		C07818CA2735B58400018BC1 /* PersonalityQuiz */ = {
			isa = PBXGroup;
			children = (
				C07818CB2735B58400018BC1 /* AppDelegate.swift */,
				C07818CD2735B58400018BC1 /* SceneDelegate.swift */,
				C07818CF2735B58400018BC1 /* IntroductionViewController.swift */,
				C07818D12735B58400018BC1 /* Main.storyboard */,
				C0A845D4273C524F001182F4 /* Question.swift */,
				C0A845C7273C4CC2001182F4 /* QuestionViewController.swift */,
				C0A845CC273C4CDD001182F4 /* ResultsViewController.swift */,
				C07818D42735B58500018BC1 /* Assets.xcassets */,
				C07818D62735B58500018BC1 /* LaunchScreen.storyboard */,
				C07818D92735B58500018BC1 /* Info.plist */,
			);
			path = PersonalityQuiz;
			sourceTree = "<group>";
		};
		C07818E12735B58600018BC1 /* PersonalityQuizTests */ = {
			isa = PBXGroup;
			children = (
				C07818E22735B58600018BC1 /* PersonalityQuizTests.swift */,
				C07818E42735B58600018BC1 /* Info.plist */,
			);
			path = PersonalityQuizTests;
			sourceTree = "<group>";
		};
		C07818EC2735B58600018BC1 /* PersonalityQuizUITests */ = {
			isa = PBXGroup;
			children = (
				C07818ED2735B58600018BC1 /* PersonalityQuizUITests.swift */,
				C07818EF2735B58600018BC1 /* Info.plist */,
			);
			path = PersonalityQuizUITests;
			sourceTree = "<group>";
		};
/* End PBXGroup section */

/* Begin PBXNativeTarget section */
		C07818C72735B58400018BC1 /* PersonalityQuiz */ = {
			isa = PBXNativeTarget;
			buildConfigurationList = C07818F22735B58600018BC1 /* Build configuration list for PBXNativeTarget "PersonalityQuiz" */;
			buildPhases = (
				C07818C42735B58400018BC1 /* Sources */,
				C07818C52735B58400018BC1 /* Frameworks */,
				C07818C62735B58400018BC1 /* Resources */,
			);
			buildRules = (
			);
			dependencies = (
			);
			name = PersonalityQuiz;
			productName = PersonalityQuiz;
			productReference = C07818C82735B58400018BC1 /* PersonalityQuiz.app */;
			productType = "com.apple.product-type.application";
		};
		C07818DD2735B58600018BC1 /* PersonalityQuizTests */ = {
			isa = PBXNativeTarget;
			buildConfigurationList = C07818F52735B58600018BC1 /* Build configuration list for PBXNativeTarget "PersonalityQuizTests" */;
			buildPhases = (
				C07818DA2735B58600018BC1 /* Sources */,
				C07818DB2735B58600018BC1 /* Frameworks */,
				C07818DC2735B58600018BC1 /* Resources */,
			);
			buildRules = (
			);
			dependencies = (
				C07818E02735B58600018BC1 /* PBXTargetDependency */,
			);
			name = PersonalityQuizTests;
			productName = PersonalityQuizTests;
			productReference = C07818DE2735B58600018BC1 /* PersonalityQuizTests.xctest */;
			productType = "com.apple.product-type.bundle.unit-test";
		};
		C07818E82735B58600018BC1 /* PersonalityQuizUITests */ = {
			isa = PBXNativeTarget;
			buildConfigurationList = C07818F82735B58600018BC1 /* Build configuration list for PBXNativeTarget "PersonalityQuizUITests" */;
			buildPhases = (
				C07818E52735B58600018BC1 /* Sources */,
				C07818E62735B58600018BC1 /* Frameworks */,
				C07818E72735B58600018BC1 /* Resources */,
			);
			buildRules = (
			);
			dependencies = (
				C07818EB2735B58600018BC1 /* PBXTargetDependency */,
			);
			name = PersonalityQuizUITests;
			productName = PersonalityQuizUITests;
			productReference = C07818E92735B58600018BC1 /* PersonalityQuizUITests.xctest */;
			productType = "com.apple.product-type.bundle.ui-testing";
		};
/* End PBXNativeTarget section */

/* Begin PBXProject section */
		C07818C02735B58400018BC1 /* Project object */ = {
			isa = PBXProject;
			attributes = {
				LastSwiftUpdateCheck = 1220;
				LastUpgradeCheck = 1220;
				TargetAttributes = {
					C07818C72735B58400018BC1 = {
						CreatedOnToolsVersion = 12.2;
					};
					C07818DD2735B58600018BC1 = {
						CreatedOnToolsVersion = 12.2;
						TestTargetID = C07818C72735B58400018BC1;
					};
					C07818E82735B58600018BC1 = {
						CreatedOnToolsVersion = 12.2;
						TestTargetID = C07818C72735B58400018BC1;
					};
				};
			};
			buildConfigurationList = C07818C32735B58400018BC1 /* Build configuration list for PBXProject "PersonalityQuiz" */;
			compatibilityVersion = "Xcode 9.3";
			developmentRegion = en;
			hasScannedForEncodings = 0;
			knownRegions = (
				en,
				Base,
			);
			mainGroup = C07818BF2735B58400018BC1;
			productRefGroup = C07818C92735B58400018BC1 /* Products */;
			projectDirPath = "";
			projectRoot = "";
			targets = (
				C07818C72735B58400018BC1 /* PersonalityQuiz */,
				C07818DD2735B58600018BC1 /* PersonalityQuizTests */,
				C07818E82735B58600018BC1 /* PersonalityQuizUITests */,
			);
		};
/* End PBXProject section */

/* Begin PBXResourcesBuildPhase section */
		C07818C62735B58400018BC1 /* Resources */ = {
			isa = PBXResourcesBuildPhase;
			buildActionMask = 2147483647;
			files = (
				C07818D82735B58500018BC1 /* LaunchScreen.storyboard in Resources */,
				C07818D52735B58500018BC1 /* Assets.xcassets in Resources */,
				C07818D32735B58400018BC1 /* Main.storyboard in Resources */,
			);
			runOnlyForDeploymentPostprocessing = 0;
		};
		C07818DC2735B58600018BC1 /* Resources */ = {
			isa = PBXResourcesBuildPhase;
			buildActionMask = 2147483647;
			files = (
			);
			runOnlyForDeploymentPostprocessing = 0;
		};
		C07818E72735B58600018BC1 /* Resources */ = {
			isa = PBXResourcesBuildPhase;
			buildActionMask = 2147483647;
			files = (
			);
			runOnlyForDeploymentPostprocessing = 0;
		};
/* End PBXResourcesBuildPhase section */

/* Begin PBXSourcesBuildPhase section */
		C07818C42735B58400018BC1 /* Sources */ = {
			isa = PBXSourcesBuildPhase;
			buildActionMask = 2147483647;
			files = (
				C07818D02735B58400018BC1 /* IntroductionViewController.swift in Sources */,
				C07818CC2735B58400018BC1 /* AppDelegate.swift in Sources */,
				C0A845C8273C4CC2001182F4 /* QuestionViewController.swift in Sources */,
				C0A845D5273C524F001182F4 /* Question.swift in Sources */,
				C0A845CD273C4CDD001182F4 /* ResultsViewController.swift in Sources */,
				C07818CE2735B58400018BC1 /* SceneDelegate.swift in Sources */,
			);
			runOnlyForDeploymentPostprocessing = 0;
		};
		C07818DA2735B58600018BC1 /* Sources */ = {
			isa = PBXSourcesBuildPhase;
			buildActionMask = 2147483647;
			files = (
				C07818E32735B58600018BC1 /* PersonalityQuizTests.swift in Sources */,
			);
			runOnlyForDeploymentPostprocessing = 0;
		};
		C07818E52735B58600018BC1 /* Sources */ = {
			isa = PBXSourcesBuildPhase;
			buildActionMask = 2147483647;
			files = (
				C07818EE2735B58600018BC1 /* PersonalityQuizUITests.swift in Sources */,
			);
			runOnlyForDeploymentPostprocessing = 0;
		};
/* End PBXSourcesBuildPhase section */

/* Begin PBXTargetDependency section */
		C07818E02735B58600018BC1 /* PBXTargetDependency */ = {
			isa = PBXTargetDependency;
			target = C07818C72735B58400018BC1 /* PersonalityQuiz */;
			targetProxy = C07818DF2735B58600018BC1 /* PBXContainerItemProxy */;
		};
		C07818EB2735B58600018BC1 /* PBXTargetDependency */ = {
			isa = PBXTargetDependency;
			target = C07818C72735B58400018BC1 /* PersonalityQuiz */;
			targetProxy = C07818EA2735B58600018BC1 /* PBXContainerItemProxy */;
		};
/* End PBXTargetDependency section */

/* Begin PBXVariantGroup section */
		C07818D12735B58400018BC1 /* Main.storyboard */ = {
			isa = PBXVariantGroup;
			children = (
				C07818D22735B58400018BC1 /* Base */,
			);
			name = Main.storyboard;
			sourceTree = "<group>";
		};
		C07818D62735B58500018BC1 /* LaunchScreen.storyboard */ = {
			isa = PBXVariantGroup;
			children = (
				C07818D72735B58500018BC1 /* Base */,
			);
			name = LaunchScreen.storyboard;
			sourceTree = "<group>";
		};
/* End PBXVariantGroup section */

/* Begin XCBuildConfiguration section */
		C07818F02735B58600018BC1 /* Debug */ = {
			isa = XCBuildConfiguration;
			buildSettings = {
				ALWAYS_SEARCH_USER_PATHS = NO;
				CLANG_ANALYZER_NONNULL = YES;
				CLANG_ANALYZER_NUMBER_OBJECT_CONVERSION = YES_AGGRESSIVE;
				CLANG_CXX_LANGUAGE_STANDARD = "gnu++14";
				CLANG_CXX_LIBRARY = "libc++";
				CLANG_ENABLE_MODULES = YES;
				CLANG_ENABLE_OBJC_ARC = YES;
				CLANG_ENABLE_OBJC_WEAK = YES;
				CLANG_WARN_BLOCK_CAPTURE_AUTORELEASING = YES;
				CLANG_WARN_BOOL_CONVERSION = YES;
				CLANG_WARN_COMMA = YES;
				CLANG_WARN_CONSTANT_CONVERSION = YES;
				CLANG_WARN_DEPRECATED_OBJC_IMPLEMENTATIONS = YES;
				CLANG_WARN_DIRECT_OBJC_ISA_USAGE = YES_ERROR;
				CLANG_WARN_DOCUMENTATION_COMMENTS = YES;
				CLANG_WARN_EMPTY_BODY = YES;
				CLANG_WARN_ENUM_CONVERSION = YES;
				CLANG_WARN_INFINITE_RECURSION = YES;
				CLANG_WARN_INT_CONVERSION = YES;
				CLANG_WARN_NON_LITERAL_NULL_CONVERSION = YES;
				CLANG_WARN_OBJC_IMPLICIT_RETAIN_SELF = YES;
				CLANG_WARN_OBJC_LITERAL_CONVERSION = YES;
				CLANG_WARN_OBJC_ROOT_CLASS = YES_ERROR;
				CLANG_WARN_QUOTED_INCLUDE_IN_FRAMEWORK_HEADER = YES;
				CLANG_WARN_RANGE_LOOP_ANALYSIS = YES;
				CLANG_WARN_STRICT_PROTOTYPES = YES;
				CLANG_WARN_SUSPICIOUS_MOVE = YES;
				CLANG_WARN_UNGUARDED_AVAILABILITY = YES_AGGRESSIVE;
				CLANG_WARN_UNREACHABLE_CODE = YES;
				CLANG_WARN__DUPLICATE_METHOD_MATCH = YES;
				COPY_PHASE_STRIP = NO;
				DEBUG_INFORMATION_FORMAT = dwarf;
				ENABLE_STRICT_OBJC_MSGSEND = YES;
				ENABLE_TESTABILITY = YES;
				GCC_C_LANGUAGE_STANDARD = gnu11;
				GCC_DYNAMIC_NO_PIC = NO;
				GCC_NO_COMMON_BLOCKS = YES;
				GCC_OPTIMIZATION_LEVEL = 0;
				GCC_PREPROCESSOR_DEFINITIONS = (
					"DEBUG=1",
					"$(inherited)",
				);
				GCC_WARN_64_TO_32_BIT_CONVERSION = YES;
				GCC_WARN_ABOUT_RETURN_TYPE = YES_ERROR;
				GCC_WARN_UNDECLARED_SELECTOR = YES;
				GCC_WARN_UNINITIALIZED_AUTOS = YES_AGGRESSIVE;
				GCC_WARN_UNUSED_FUNCTION = YES;
				GCC_WARN_UNUSED_VARIABLE = YES;
				IPHONEOS_DEPLOYMENT_TARGET = 14.2;
				MTL_ENABLE_DEBUG_INFO = INCLUDE_SOURCE;
				MTL_FAST_MATH = YES;
				ONLY_ACTIVE_ARCH = YES;
				SDKROOT = iphoneos;
				SWIFT_ACTIVE_COMPILATION_CONDITIONS = DEBUG;
				SWIFT_OPTIMIZATION_LEVEL = "-Onone";
			};
			name = Debug;
		};
		C07818F12735B58600018BC1 /* Release */ = {
			isa = XCBuildConfiguration;
			buildSettings = {
				ALWAYS_SEARCH_USER_PATHS = NO;
				CLANG_ANALYZER_NONNULL = YES;
				CLANG_ANALYZER_NUMBER_OBJECT_CONVERSION = YES_AGGRESSIVE;
				CLANG_CXX_LANGUAGE_STANDARD = "gnu++14";
				CLANG_CXX_LIBRARY = "libc++";
				CLANG_ENABLE_MODULES = YES;
				CLANG_ENABLE_OBJC_ARC = YES;
				CLANG_ENABLE_OBJC_WEAK = YES;
				CLANG_WARN_BLOCK_CAPTURE_AUTORELEASING = YES;
				CLANG_WARN_BOOL_CONVERSION = YES;
				CLANG_WARN_COMMA = YES;
				CLANG_WARN_CONSTANT_CONVERSION = YES;
				CLANG_WARN_DEPRECATED_OBJC_IMPLEMENTATIONS = YES;
				CLANG_WARN_DIRECT_OBJC_ISA_USAGE = YES_ERROR;
				CLANG_WARN_DOCUMENTATION_COMMENTS = YES;
				CLANG_WARN_EMPTY_BODY = YES;
				CLANG_WARN_ENUM_CONVERSION = YES;
				CLANG_WARN_INFINITE_RECURSION = YES;
				CLANG_WARN_INT_CONVERSION = YES;
				CLANG_WARN_NON_LITERAL_NULL_CONVERSION = YES;
				CLANG_WARN_OBJC_IMPLICIT_RETAIN_SELF = YES;
				CLANG_WARN_OBJC_LITERAL_CONVERSION = YES;
				CLANG_WARN_OBJC_ROOT_CLASS = YES_ERROR;
				CLANG_WARN_QUOTED_INCLUDE_IN_FRAMEWORK_HEADER = YES;
				CLANG_WARN_RANGE_LOOP_ANALYSIS = YES;
				CLANG_WARN_STRICT_PROTOTYPES = YES;
				CLANG_WARN_SUSPICIOUS_MOVE = YES;
				CLANG_WARN_UNGUARDED_AVAILABILITY = YES_AGGRESSIVE;
				CLANG_WARN_UNREACHABLE_CODE = YES;
				CLANG_WARN__DUPLICATE_METHOD_MATCH = YES;
				COPY_PHASE_STRIP = NO;
				DEBUG_INFORMATION_FORMAT = "dwarf-with-dsym";
				ENABLE_NS_ASSERTIONS = NO;
				ENABLE_STRICT_OBJC_MSGSEND = YES;
				GCC_C_LANGUAGE_STANDARD = gnu11;
				GCC_NO_COMMON_BLOCKS = YES;
				GCC_WARN_64_TO_32_BIT_CONVERSION = YES;
				GCC_WARN_ABOUT_RETURN_TYPE = YES_ERROR;
				GCC_WARN_UNDECLARED_SELECTOR = YES;
				GCC_WARN_UNINITIALIZED_AUTOS = YES_AGGRESSIVE;
				GCC_WARN_UNUSED_FUNCTION = YES;
				GCC_WARN_UNUSED_VARIABLE = YES;
				IPHONEOS_DEPLOYMENT_TARGET = 14.2;
				MTL_ENABLE_DEBUG_INFO = NO;
				MTL_FAST_MATH = YES;
				SDKROOT = iphoneos;
				SWIFT_COMPILATION_MODE = wholemodule;
				SWIFT_OPTIMIZATION_LEVEL = "-O";
				VALIDATE_PRODUCT = YES;
			};
			name = Release;
		};
		C07818F32735B58600018BC1 /* Debug */ = {
			isa = XCBuildConfiguration;
			buildSettings = {
				ASSETCATALOG_COMPILER_APPICON_NAME = AppIcon;
				ASSETCATALOG_COMPILER_GLOBAL_ACCENT_COLOR_NAME = AccentColor;
				CODE_SIGN_STYLE = Automatic;
				INFOPLIST_FILE = PersonalityQuiz/Info.plist;
				LD_RUNPATH_SEARCH_PATHS = (
					"$(inherited)",
					"@executable_path/Frameworks",
				);
				PRODUCT_BUNDLE_IDENTIFIER = pt.ipleiria.PersonalityQuiz;
				PRODUCT_NAME = "$(TARGET_NAME)";
				SWIFT_VERSION = 5.0;
				TARGETED_DEVICE_FAMILY = "1,2";
			};
			name = Debug;
		};
		C07818F42735B58600018BC1 /* Release */ = {
			isa = XCBuildConfiguration;
			buildSettings = {
				ASSETCATALOG_COMPILER_APPICON_NAME = AppIcon;
				ASSETCATALOG_COMPILER_GLOBAL_ACCENT_COLOR_NAME = AccentColor;
				CODE_SIGN_STYLE = Automatic;
				INFOPLIST_FILE = PersonalityQuiz/Info.plist;
				LD_RUNPATH_SEARCH_PATHS = (
					"$(inherited)",
					"@executable_path/Frameworks",
				);
				PRODUCT_BUNDLE_IDENTIFIER = pt.ipleiria.PersonalityQuiz;
				PRODUCT_NAME = "$(TARGET_NAME)";
				SWIFT_VERSION = 5.0;
				TARGETED_DEVICE_FAMILY = "1,2";
			};
			name = Release;
		};
		C07818F62735B58600018BC1 /* Debug */ = {
			isa = XCBuildConfiguration;
			buildSettings = {
				ALWAYS_EMBED_SWIFT_STANDARD_LIBRARIES = YES;
				BUNDLE_LOADER = "$(TEST_HOST)";
				CODE_SIGN_STYLE = Automatic;
				INFOPLIST_FILE = PersonalityQuizTests/Info.plist;
				IPHONEOS_DEPLOYMENT_TARGET = 14.2;
				LD_RUNPATH_SEARCH_PATHS = (
					"$(inherited)",
					"@executable_path/Frameworks",
					"@loader_path/Frameworks",
				);
				PRODUCT_BUNDLE_IDENTIFIER = pt.ipleiria.PersonalityQuizTests;
				PRODUCT_NAME = "$(TARGET_NAME)";
				SWIFT_VERSION = 5.0;
				TARGETED_DEVICE_FAMILY = "1,2";
				TEST_HOST = "$(BUILT_PRODUCTS_DIR)/PersonalityQuiz.app/PersonalityQuiz";
			};
			name = Debug;
		};
		C07818F72735B58600018BC1 /* Release */ = {
			isa = XCBuildConfiguration;
			buildSettings = {
				ALWAYS_EMBED_SWIFT_STANDARD_LIBRARIES = YES;
				BUNDLE_LOADER = "$(TEST_HOST)";
				CODE_SIGN_STYLE = Automatic;
				INFOPLIST_FILE = PersonalityQuizTests/Info.plist;
				IPHONEOS_DEPLOYMENT_TARGET = 14.2;
				LD_RUNPATH_SEARCH_PATHS = (
					"$(inherited)",
					"@executable_path/Frameworks",
					"@loader_path/Frameworks",
				);
				PRODUCT_BUNDLE_IDENTIFIER = pt.ipleiria.PersonalityQuizTests;
				PRODUCT_NAME = "$(TARGET_NAME)";
				SWIFT_VERSION = 5.0;
				TARGETED_DEVICE_FAMILY = "1,2";
				TEST_HOST = "$(BUILT_PRODUCTS_DIR)/PersonalityQuiz.app/PersonalityQuiz";
			};
			name = Release;
		};
		C07818F92735B58600018BC1 /* Debug */ = {
			isa = XCBuildConfiguration;
			buildSettings = {
				ALWAYS_EMBED_SWIFT_STANDARD_LIBRARIES = YES;
				CODE_SIGN_STYLE = Automatic;
				INFOPLIST_FILE = PersonalityQuizUITests/Info.plist;
				LD_RUNPATH_SEARCH_PATHS = (
					"$(inherited)",
					"@executable_path/Frameworks",
					"@loader_path/Frameworks",
				);
				PRODUCT_BUNDLE_IDENTIFIER = pt.ipleiria.PersonalityQuizUITests;
				PRODUCT_NAME = "$(TARGET_NAME)";
				SWIFT_VERSION = 5.0;
				TARGETED_DEVICE_FAMILY = "1,2";
				TEST_TARGET_NAME = PersonalityQuiz;
			};
			name = Debug;
		};
		C07818FA2735B58600018BC1 /* Release */ = {
			isa = XCBuildConfiguration;
			buildSettings = {
				ALWAYS_EMBED_SWIFT_STANDARD_LIBRARIES = YES;
				CODE_SIGN_STYLE = Automatic;
				INFOPLIST_FILE = PersonalityQuizUITests/Info.plist;
				LD_RUNPATH_SEARCH_PATHS = (
					"$(inherited)",
					"@executable_path/Frameworks",
					"@loader_path/Frameworks",
				);
				PRODUCT_BUNDLE_IDENTIFIER = pt.ipleiria.PersonalityQuizUITests;
				PRODUCT_NAME = "$(TARGET_NAME)";
				SWIFT_VERSION = 5.0;
				TARGETED_DEVICE_FAMILY = "1,2";
				TEST_TARGET_NAME = PersonalityQuiz;
			};
			name = Release;
		};
/* End XCBuildConfiguration section */

/* Begin XCConfigurationList section */
		C07818C32735B58400018BC1 /* Build configuration list for PBXProject "PersonalityQuiz" */ = {
			isa = XCConfigurationList;
			buildConfigurations = (
				C07818F02735B58600018BC1 /* Debug */,
				C07818F12735B58600018BC1 /* Release */,
			);
			defaultConfigurationIsVisible = 0;
			defaultConfigurationName = Release;
		};
		C07818F22735B58600018BC1 /* Build configuration list for PBXNativeTarget "PersonalityQuiz" */ = {
			isa = XCConfigurationList;
			buildConfigurations = (
				C07818F32735B58600018BC1 /* Debug */,
				C07818F42735B58600018BC1 /* Release */,
			);
			defaultConfigurationIsVisible = 0;
			defaultConfigurationName = Release;
		};
		C07818F52735B58600018BC1 /* Build configuration list for PBXNativeTarget "PersonalityQuizTests" */ = {
			isa = XCConfigurationList;
			buildConfigurations = (
				C07818F62735B58600018BC1 /* Debug */,
				C07818F72735B58600018BC1 /* Release */,
			);
			defaultConfigurationIsVisible = 0;
			defaultConfigurationName = Release;
		};
		C07818F82735B58600018BC1 /* Build configuration list for PBXNativeTarget "PersonalityQuizUITests" */ = {
			isa = XCConfigurationList;
			buildConfigurations = (
				C07818F92735B58600018BC1 /* Debug */,
				C07818FA2735B58600018BC1 /* Release */,
			);
			defaultConfigurationIsVisible = 0;
			defaultConfigurationName = Release;
		};
/* End XCConfigurationList section */
	};
	rootObject = C07818C02735B58400018BC1 /* Project object */;
}
